// !$*UTF8*$!
{
	archiveVersion = 1;
	classes = {
	};
	objectVersion = 48;
	objects = {

/* Begin PBXBuildFile section */
		2AEA1B912AAABCC4F5DC83DE /* Pods_BDSNhom6.framework in Frameworks */ = {isa = PBXBuildFile; fileRef = A88AF6AE3B44824FF052B666 /* Pods_BDSNhom6.framework */; };
		5505A8211FE97BF200509AF9 /* GoogleService-Info.plist in Resources */ = {isa = PBXBuildFile; fileRef = 5505A8201FE97BF200509AF9 /* GoogleService-Info.plist */; };
		551C4C8A1FC5D291006C378D /* AppDelegate.swift in Sources */ = {isa = PBXBuildFile; fileRef = 551C4C891FC5D291006C378D /* AppDelegate.swift */; };
		551C4C8F1FC5D291006C378D /* Main.storyboard in Resources */ = {isa = PBXBuildFile; fileRef = 551C4C8D1FC5D291006C378D /* Main.storyboard */; };
		551C4C911FC5D291006C378D /* Assets.xcassets in Resources */ = {isa = PBXBuildFile; fileRef = 551C4C901FC5D291006C378D /* Assets.xcassets */; };
		551C4C941FC5D291006C378D /* LaunchScreen.storyboard in Resources */ = {isa = PBXBuildFile; fileRef = 551C4C921FC5D291006C378D /* LaunchScreen.storyboard */; };
		551C4C9F1FC5D291006C378D /* BDSNhom6Tests.swift in Sources */ = {isa = PBXBuildFile; fileRef = 551C4C9E1FC5D291006C378D /* BDSNhom6Tests.swift */; };
		551FE95C1FE2F9B9007CDC11 /* MapKit.framework in Frameworks */ = {isa = PBXBuildFile; fileRef = 551FE95B1FE2F9AF007CDC11 /* MapKit.framework */; };
		551FE95E1FE2FA2A007CDC11 /* NewPostMapViewController.swift in Sources */ = {isa = PBXBuildFile; fileRef = 551FE95D1FE2FA2A007CDC11 /* NewPostMapViewController.swift */; };
		5531E0D01FD3300300D76EF4 /* PostTableViewCell.swift in Sources */ = {isa = PBXBuildFile; fileRef = 5531E0CF1FD3300300D76EF4 /* PostTableViewCell.swift */; };
		5531E0D41FD3302F00D76EF4 /* Post.swift in Sources */ = {isa = PBXBuildFile; fileRef = 5531E0D31FD3302F00D76EF4 /* Post.swift */; };
		554682D71FE01A29003AEA19 /* Common.swift in Sources */ = {isa = PBXBuildFile; fileRef = 554682D61FE01A29003AEA19 /* Common.swift */; };
		554682D91FE02902003AEA19 /* Image.swift in Sources */ = {isa = PBXBuildFile; fileRef = 554682D81FE02902003AEA19 /* Image.swift */; };
		554682DB1FE02C64003AEA19 /* PagingResult.swift in Sources */ = {isa = PBXBuildFile; fileRef = 554682DA1FE02C64003AEA19 /* PagingResult.swift */; };
		5561977A1FD412ED0020B04D /* Comment.swift in Sources */ = {isa = PBXBuildFile; fileRef = 556197791FD412ED0020B04D /* Comment.swift */; };
		5579B4921FD1DD260043A2FD /* Category.swift in Sources */ = {isa = PBXBuildFile; fileRef = 5579B4911FD1DD260043A2FD /* Category.swift */; };
		55A5DACB1FD96C9C00192CE2 /* NewPostViewController.swift in Sources */ = {isa = PBXBuildFile; fileRef = 55A5DACA1FD96C9C00192CE2 /* NewPostViewController.swift */; };
		55A5DACD1FD9A18700192CE2 /* HomeViewController.swift in Sources */ = {isa = PBXBuildFile; fileRef = 55A5DACC1FD9A18700192CE2 /* HomeViewController.swift */; };
		55ACE6781FE7ED19001DB23E /* SMIconLabel.swift in Sources */ = {isa = PBXBuildFile; fileRef = 55ACE6771FE7ED19001DB23E /* SMIconLabel.swift */; };
		55E31B271FE6A4D200A54EC5 /* PostInformationViewController.swift in Sources */ = {isa = PBXBuildFile; fileRef = 55E31B261FE6A4D200A54EC5 /* PostInformationViewController.swift */; };
		55E31B291FE6C05000A54EC5 /* PostMapViewController.swift in Sources */ = {isa = PBXBuildFile; fileRef = 55E31B281FE6C05000A54EC5 /* PostMapViewController.swift */; };
		55FFB1D41FE5A1FE004F3379 /* Security.framework in Frameworks */ = {isa = PBXBuildFile; fileRef = 55FFB1D31FE5A1F0004F3379 /* Security.framework */; };
		8464D7B51FE52B02000C563A /* CommentViewController.swift in Sources */ = {isa = PBXBuildFile; fileRef = 8464D7B41FE52B02000C563A /* CommentViewController.swift */; };
		8464D7B71FE53249000C563A /* CommentTableViewCell.swift in Sources */ = {isa = PBXBuildFile; fileRef = 8464D7B61FE53248000C563A /* CommentTableViewCell.swift */; };
/* End PBXBuildFile section */

/* Begin PBXContainerItemProxy section */
		551C4C9B1FC5D291006C378D /* PBXContainerItemProxy */ = {
			isa = PBXContainerItemProxy;
			containerPortal = 551C4C7E1FC5D291006C378D /* Project object */;
			proxyType = 1;
			remoteGlobalIDString = 551C4C851FC5D291006C378D;
			remoteInfo = BDSNhom6;
		};
/* End PBXContainerItemProxy section */

/* Begin PBXFileReference section */
		2CF1776C9BFB10EBF907FE5A /* Pods-BDSNhom6.release.xcconfig */ = {isa = PBXFileReference; includeInIndex = 1; lastKnownFileType = text.xcconfig; name = "Pods-BDSNhom6.release.xcconfig"; path = "Pods/Target Support Files/Pods-BDSNhom6/Pods-BDSNhom6.release.xcconfig"; sourceTree = "<group>"; };
		496012C758A48BE67F8BEEB7 /* Pods-BDSNhom6.debug.xcconfig */ = {isa = PBXFileReference; includeInIndex = 1; lastKnownFileType = text.xcconfig; name = "Pods-BDSNhom6.debug.xcconfig"; path = "Pods/Target Support Files/Pods-BDSNhom6/Pods-BDSNhom6.debug.xcconfig"; sourceTree = "<group>"; };
		5505A8201FE97BF200509AF9 /* GoogleService-Info.plist */ = {isa = PBXFileReference; fileEncoding = 4; lastKnownFileType = text.plist.xml; path = "GoogleService-Info.plist"; sourceTree = "<group>"; };
		551C4C861FC5D291006C378D /* BDSNhom6.app */ = {isa = PBXFileReference; explicitFileType = wrapper.application; includeInIndex = 0; path = BDSNhom6.app; sourceTree = BUILT_PRODUCTS_DIR; };
		551C4C891FC5D291006C378D /* AppDelegate.swift */ = {isa = PBXFileReference; lastKnownFileType = sourcecode.swift; path = AppDelegate.swift; sourceTree = "<group>"; };
		551C4C8E1FC5D291006C378D /* Base */ = {isa = PBXFileReference; lastKnownFileType = file.storyboard; name = Base; path = Base.lproj/Main.storyboard; sourceTree = "<group>"; };
		551C4C901FC5D291006C378D /* Assets.xcassets */ = {isa = PBXFileReference; lastKnownFileType = folder.assetcatalog; path = Assets.xcassets; sourceTree = "<group>"; };
		551C4C931FC5D291006C378D /* Base */ = {isa = PBXFileReference; lastKnownFileType = file.storyboard; name = Base; path = Base.lproj/LaunchScreen.storyboard; sourceTree = "<group>"; };
		551C4C951FC5D291006C378D /* Info.plist */ = {isa = PBXFileReference; lastKnownFileType = text.plist.xml; path = Info.plist; sourceTree = "<group>"; };
		551C4C9A1FC5D291006C378D /* BDSNhom6Tests.xctest */ = {isa = PBXFileReference; explicitFileType = wrapper.cfbundle; includeInIndex = 0; path = BDSNhom6Tests.xctest; sourceTree = BUILT_PRODUCTS_DIR; };
		551C4C9E1FC5D291006C378D /* BDSNhom6Tests.swift */ = {isa = PBXFileReference; lastKnownFileType = sourcecode.swift; path = BDSNhom6Tests.swift; sourceTree = "<group>"; };
		551C4CA01FC5D291006C378D /* Info.plist */ = {isa = PBXFileReference; lastKnownFileType = text.plist.xml; path = Info.plist; sourceTree = "<group>"; };
		551FE95B1FE2F9AF007CDC11 /* MapKit.framework */ = {isa = PBXFileReference; lastKnownFileType = wrapper.framework; name = MapKit.framework; path = System/Library/Frameworks/MapKit.framework; sourceTree = SDKROOT; };
		551FE95D1FE2FA2A007CDC11 /* NewPostMapViewController.swift */ = {isa = PBXFileReference; lastKnownFileType = sourcecode.swift; path = NewPostMapViewController.swift; sourceTree = "<group>"; };
		5531E0CF1FD3300300D76EF4 /* PostTableViewCell.swift */ = {isa = PBXFileReference; lastKnownFileType = sourcecode.swift; path = PostTableViewCell.swift; sourceTree = "<group>"; };
		5531E0D31FD3302F00D76EF4 /* Post.swift */ = {isa = PBXFileReference; lastKnownFileType = sourcecode.swift; path = Post.swift; sourceTree = "<group>"; };
		554682D61FE01A29003AEA19 /* Common.swift */ = {isa = PBXFileReference; lastKnownFileType = sourcecode.swift; path = Common.swift; sourceTree = "<group>"; };
		554682D81FE02902003AEA19 /* Image.swift */ = {isa = PBXFileReference; lastKnownFileType = sourcecode.swift; path = Image.swift; sourceTree = "<group>"; };
		554682DA1FE02C64003AEA19 /* PagingResult.swift */ = {isa = PBXFileReference; lastKnownFileType = sourcecode.swift; path = PagingResult.swift; sourceTree = "<group>"; };
		556197791FD412ED0020B04D /* Comment.swift */ = {isa = PBXFileReference; lastKnownFileType = sourcecode.swift; path = Comment.swift; sourceTree = "<group>"; };
		5579B4911FD1DD260043A2FD /* Category.swift */ = {isa = PBXFileReference; lastKnownFileType = sourcecode.swift; path = Category.swift; sourceTree = "<group>"; };
		55A5DACA1FD96C9C00192CE2 /* NewPostViewController.swift */ = {isa = PBXFileReference; lastKnownFileType = sourcecode.swift; path = NewPostViewController.swift; sourceTree = "<group>"; };
		55A5DACC1FD9A18700192CE2 /* HomeViewController.swift */ = {isa = PBXFileReference; lastKnownFileType = sourcecode.swift; path = HomeViewController.swift; sourceTree = "<group>"; };
		55ACE6771FE7ED19001DB23E /* SMIconLabel.swift */ = {isa = PBXFileReference; lastKnownFileType = sourcecode.swift; path = SMIconLabel.swift; sourceTree = "<group>"; };
		55E31B261FE6A4D200A54EC5 /* PostInformationViewController.swift */ = {isa = PBXFileReference; lastKnownFileType = sourcecode.swift; path = PostInformationViewController.swift; sourceTree = "<group>"; };
		55E31B281FE6C05000A54EC5 /* PostMapViewController.swift */ = {isa = PBXFileReference; lastKnownFileType = sourcecode.swift; path = PostMapViewController.swift; sourceTree = "<group>"; };
		55FFB1D21FE5A07B004F3379 /* BDS-Bridging-Header.h */ = {isa = PBXFileReference; lastKnownFileType = sourcecode.c.h; path = "BDS-Bridging-Header.h"; sourceTree = "<group>"; };
		55FFB1D31FE5A1F0004F3379 /* Security.framework */ = {isa = PBXFileReference; lastKnownFileType = wrapper.framework; name = Security.framework; path = System/Library/Frameworks/Security.framework; sourceTree = SDKROOT; };
		8464D7B41FE52B02000C563A /* CommentViewController.swift */ = {isa = PBXFileReference; lastKnownFileType = sourcecode.swift; path = CommentViewController.swift; sourceTree = "<group>"; };
		8464D7B61FE53248000C563A /* CommentTableViewCell.swift */ = {isa = PBXFileReference; lastKnownFileType = sourcecode.swift; path = CommentTableViewCell.swift; sourceTree = "<group>"; };
		A88AF6AE3B44824FF052B666 /* Pods_BDSNhom6.framework */ = {isa = PBXFileReference; explicitFileType = wrapper.framework; includeInIndex = 0; path = Pods_BDSNhom6.framework; sourceTree = BUILT_PRODUCTS_DIR; };
/* End PBXFileReference section */

/* Begin PBXFrameworksBuildPhase section */
		551C4C831FC5D291006C378D /* Frameworks */ = {
			isa = PBXFrameworksBuildPhase;
			buildActionMask = 2147483647;
			files = (
				55FFB1D41FE5A1FE004F3379 /* Security.framework in Frameworks */,
				551FE95C1FE2F9B9007CDC11 /* MapKit.framework in Frameworks */,
				2AEA1B912AAABCC4F5DC83DE /* Pods_BDSNhom6.framework in Frameworks */,
			);
			runOnlyForDeploymentPostprocessing = 0;
		};
		551C4C971FC5D291006C378D /* Frameworks */ = {
			isa = PBXFrameworksBuildPhase;
			buildActionMask = 2147483647;
			files = (
			);
			runOnlyForDeploymentPostprocessing = 0;
		};
/* End PBXFrameworksBuildPhase section */

/* Begin PBXGroup section */
		52194FFBB2B2A3E195ACA498 /* Frameworks */ = {
			isa = PBXGroup;
			children = (
				55FFB1D31FE5A1F0004F3379 /* Security.framework */,
				551FE95B1FE2F9AF007CDC11 /* MapKit.framework */,
				A88AF6AE3B44824FF052B666 /* Pods_BDSNhom6.framework */,
			);
			name = Frameworks;
			sourceTree = "<group>";
		};
		5504B2331FD59D7100A4C81D /* Controllers */ = {
			isa = PBXGroup;
			children = (
				55A5DACA1FD96C9C00192CE2 /* NewPostViewController.swift */,
				551FE95D1FE2FA2A007CDC11 /* NewPostMapViewController.swift */,
				55A5DACC1FD9A18700192CE2 /* HomeViewController.swift */,
				8464D7B41FE52B02000C563A /* CommentViewController.swift */,
				55E31B261FE6A4D200A54EC5 /* PostInformationViewController.swift */,
				55E31B281FE6C05000A54EC5 /* PostMapViewController.swift */,
			);
			path = Controllers;
			sourceTree = "<group>";
		};
		5504B2341FD59D8E00A4C81D /* ViewCells */ = {
			isa = PBXGroup;
			children = (
				5531E0CF1FD3300300D76EF4 /* PostTableViewCell.swift */,
				8464D7B61FE53248000C563A /* CommentTableViewCell.swift */,
			);
			path = ViewCells;
			sourceTree = "<group>";
		};
		5504B2351FD59DA400A4C81D /* Views */ = {
			isa = PBXGroup;
			children = (
				55ACE6771FE7ED19001DB23E /* SMIconLabel.swift */,
			);
			path = Views;
			sourceTree = "<group>";
		};
		551C4C7D1FC5D291006C378D = {
			isa = PBXGroup;
			children = (
				551C4C881FC5D291006C378D /* BDSNhom6 */,
				551C4C9D1FC5D291006C378D /* BDSNhom6Tests */,
				551C4C871FC5D291006C378D /* Products */,
				A0E60EFDDBF57B4BEA3A52D1 /* Pods */,
				52194FFBB2B2A3E195ACA498 /* Frameworks */,
			);
			sourceTree = "<group>";
		};
		551C4C871FC5D291006C378D /* Products */ = {
			isa = PBXGroup;
			children = (
				551C4C861FC5D291006C378D /* BDSNhom6.app */,
				551C4C9A1FC5D291006C378D /* BDSNhom6Tests.xctest */,
			);
			name = Products;
			sourceTree = "<group>";
		};
		551C4C881FC5D291006C378D /* BDSNhom6 */ = {
			isa = PBXGroup;
			children = (
				5504B2331FD59D7100A4C81D /* Controllers */,
				5504B2351FD59DA400A4C81D /* Views */,
				5504B2341FD59D8E00A4C81D /* ViewCells */,
				556197811FD42DDF0020B04D /* Models */,
				551C4C891FC5D291006C378D /* AppDelegate.swift */,
				554682D61FE01A29003AEA19 /* Common.swift */,
				551C4C901FC5D291006C378D /* Assets.xcassets */,
				551C4C8D1FC5D291006C378D /* Main.storyboard */,
				551C4C921FC5D291006C378D /* LaunchScreen.storyboard */,
				5505A8201FE97BF200509AF9 /* GoogleService-Info.plist */,
				551C4C951FC5D291006C378D /* Info.plist */,
				55FFB1D21FE5A07B004F3379 /* BDS-Bridging-Header.h */,
			);
			path = BDSNhom6;
			sourceTree = "<group>";
		};
		551C4C9D1FC5D291006C378D /* BDSNhom6Tests */ = {
			isa = PBXGroup;
			children = (
				551C4C9E1FC5D291006C378D /* BDSNhom6Tests.swift */,
				551C4CA01FC5D291006C378D /* Info.plist */,
			);
			path = BDSNhom6Tests;
			sourceTree = "<group>";
		};
		556197811FD42DDF0020B04D /* Models */ = {
			isa = PBXGroup;
			children = (
				5579B4911FD1DD260043A2FD /* Category.swift */,
				5531E0D31FD3302F00D76EF4 /* Post.swift */,
				556197791FD412ED0020B04D /* Comment.swift */,
				554682D81FE02902003AEA19 /* Image.swift */,
				554682DA1FE02C64003AEA19 /* PagingResult.swift */,
			);
			path = Models;
			sourceTree = "<group>";
		};
		A0E60EFDDBF57B4BEA3A52D1 /* Pods */ = {
			isa = PBXGroup;
			children = (
				496012C758A48BE67F8BEEB7 /* Pods-BDSNhom6.debug.xcconfig */,
				2CF1776C9BFB10EBF907FE5A /* Pods-BDSNhom6.release.xcconfig */,
			);
			name = Pods;
			sourceTree = "<group>";
		};
/* End PBXGroup section */

/* Begin PBXNativeTarget section */
		551C4C851FC5D291006C378D /* BDSNhom6 */ = {
			isa = PBXNativeTarget;
			buildConfigurationList = 551C4CA31FC5D291006C378D /* Build configuration list for PBXNativeTarget "BDSNhom6" */;
			buildPhases = (
				ECD75CC8385E40C28C0DF685 /* [CP] Check Pods Manifest.lock */,
				551C4C821FC5D291006C378D /* Sources */,
				551C4C831FC5D291006C378D /* Frameworks */,
				551C4C841FC5D291006C378D /* Resources */,
				3DAC9844A7AEDDF4B2B769EA /* [CP] Embed Pods Frameworks */,
				00F3F7B2B4B8A7222C60844B /* [CP] Copy Pods Resources */,
			);
			buildRules = (
			);
			dependencies = (
			);
			name = BDSNhom6;
			productName = BDSNhom6;
			productReference = 551C4C861FC5D291006C378D /* BDSNhom6.app */;
			productType = "com.apple.product-type.application";
		};
		551C4C991FC5D291006C378D /* BDSNhom6Tests */ = {
			isa = PBXNativeTarget;
			buildConfigurationList = 551C4CA61FC5D291006C378D /* Build configuration list for PBXNativeTarget "BDSNhom6Tests" */;
			buildPhases = (
				551C4C961FC5D291006C378D /* Sources */,
				551C4C971FC5D291006C378D /* Frameworks */,
				551C4C981FC5D291006C378D /* Resources */,
			);
			buildRules = (
			);
			dependencies = (
				551C4C9C1FC5D291006C378D /* PBXTargetDependency */,
			);
			name = BDSNhom6Tests;
			productName = BDSNhom6Tests;
			productReference = 551C4C9A1FC5D291006C378D /* BDSNhom6Tests.xctest */;
			productType = "com.apple.product-type.bundle.unit-test";
		};
/* End PBXNativeTarget section */

/* Begin PBXProject section */
		551C4C7E1FC5D291006C378D /* Project object */ = {
			isa = PBXProject;
			attributes = {
				LastSwiftUpdateCheck = 0830;
				LastUpgradeCheck = 0830;
				ORGANIZATIONNAME = "Nhom 6 Estate";
				TargetAttributes = {
					551C4C851FC5D291006C378D = {
						CreatedOnToolsVersion = 8.3.3;
						LastSwiftMigration = 0910;
						ProvisioningStyle = Automatic;
						SystemCapabilities = {
							com.apple.Maps.iOS = {
								enabled = 1;
							};
						};
					};
					551C4C991FC5D291006C378D = {
						CreatedOnToolsVersion = 8.3.3;
						ProvisioningStyle = Automatic;
						TestTargetID = 551C4C851FC5D291006C378D;
					};
				};
			};
			buildConfigurationList = 551C4C811FC5D291006C378D /* Build configuration list for PBXProject "BDSNhom6" */;
			compatibilityVersion = "Xcode 8.0";
			developmentRegion = English;
			hasScannedForEncodings = 0;
			knownRegions = (
				en,
				Base,
			);
			mainGroup = 551C4C7D1FC5D291006C378D;
			productRefGroup = 551C4C871FC5D291006C378D /* Products */;
			projectDirPath = "";
			projectRoot = "";
			targets = (
				551C4C851FC5D291006C378D /* BDSNhom6 */,
				551C4C991FC5D291006C378D /* BDSNhom6Tests */,
			);
		};
/* End PBXProject section */

/* Begin PBXResourcesBuildPhase section */
		551C4C841FC5D291006C378D /* Resources */ = {
			isa = PBXResourcesBuildPhase;
			buildActionMask = 2147483647;
			files = (
				551C4C941FC5D291006C378D /* LaunchScreen.storyboard in Resources */,
				5505A8211FE97BF200509AF9 /* GoogleService-Info.plist in Resources */,
				551C4C911FC5D291006C378D /* Assets.xcassets in Resources */,
				551C4C8F1FC5D291006C378D /* Main.storyboard in Resources */,
			);
			runOnlyForDeploymentPostprocessing = 0;
		};
		551C4C981FC5D291006C378D /* Resources */ = {
			isa = PBXResourcesBuildPhase;
			buildActionMask = 2147483647;
			files = (
			);
			runOnlyForDeploymentPostprocessing = 0;
		};
/* End PBXResourcesBuildPhase section */

/* Begin PBXShellScriptBuildPhase section */
		00F3F7B2B4B8A7222C60844B /* [CP] Copy Pods Resources */ = {
			isa = PBXShellScriptBuildPhase;
			buildActionMask = 2147483647;
			files = (
			);
			inputPaths = (
			);
			name = "[CP] Copy Pods Resources";
			outputPaths = (
			);
			runOnlyForDeploymentPostprocessing = 0;
			shellPath = /bin/sh;
			shellScript = "\"${SRCROOT}/Pods/Target Support Files/Pods-BDSNhom6/Pods-BDSNhom6-resources.sh\"\n";
			showEnvVarsInLog = 0;
		};
		3DAC9844A7AEDDF4B2B769EA /* [CP] Embed Pods Frameworks */ = {
			isa = PBXShellScriptBuildPhase;
			buildActionMask = 2147483647;
			files = (
			);
			inputPaths = (
				"${SRCROOT}/Pods/Target Support Files/Pods-BDSNhom6/Pods-BDSNhom6-frameworks.sh",
				"${BUILT_PRODUCTS_DIR}/Alamofire/Alamofire.framework",
				"${BUILT_PRODUCTS_DIR}/Dropdowns/Dropdowns.framework",
				"${BUILT_PRODUCTS_DIR}/Fusuma/Fusuma.framework",
				"${BUILT_PRODUCTS_DIR}/GTMSessionFetcher/GTMSessionFetcher.framework",
				"${BUILT_PRODUCTS_DIR}/GoogleToolboxForMac/GoogleToolboxForMac.framework",
				"${BUILT_PRODUCTS_DIR}/ImageSlideshow/ImageSlideshow.framework",
				"${BUILT_PRODUCTS_DIR}/Kingfisher/Kingfisher.framework",
				"${BUILT_PRODUCTS_DIR}/SideMenu/SideMenu.framework",
				"${BUILT_PRODUCTS_DIR}/SwiftyJSON/SwiftyJSON.framework",
				"${BUILT_PRODUCTS_DIR}/nanopb/nanopb.framework",
			);
			name = "[CP] Embed Pods Frameworks";
			outputPaths = (
				"${TARGET_BUILD_DIR}/${FRAMEWORKS_FOLDER_PATH}/Alamofire.framework",
				"${TARGET_BUILD_DIR}/${FRAMEWORKS_FOLDER_PATH}/Dropdowns.framework",
				"${TARGET_BUILD_DIR}/${FRAMEWORKS_FOLDER_PATH}/Fusuma.framework",
				"${TARGET_BUILD_DIR}/${FRAMEWORKS_FOLDER_PATH}/GTMSessionFetcher.framework",
				"${TARGET_BUILD_DIR}/${FRAMEWORKS_FOLDER_PATH}/GoogleToolboxForMac.framework",
				"${TARGET_BUILD_DIR}/${FRAMEWORKS_FOLDER_PATH}/ImageSlideshow.framework",
				"${TARGET_BUILD_DIR}/${FRAMEWORKS_FOLDER_PATH}/Kingfisher.framework",
				"${TARGET_BUILD_DIR}/${FRAMEWORKS_FOLDER_PATH}/SideMenu.framework",
				"${TARGET_BUILD_DIR}/${FRAMEWORKS_FOLDER_PATH}/SwiftyJSON.framework",
				"${TARGET_BUILD_DIR}/${FRAMEWORKS_FOLDER_PATH}/nanopb.framework",
			);
			runOnlyForDeploymentPostprocessing = 0;
			shellPath = /bin/sh;
			shellScript = "\"${SRCROOT}/Pods/Target Support Files/Pods-BDSNhom6/Pods-BDSNhom6-frameworks.sh\"\n";
			showEnvVarsInLog = 0;
		};
		ECD75CC8385E40C28C0DF685 /* [CP] Check Pods Manifest.lock */ = {
			isa = PBXShellScriptBuildPhase;
			buildActionMask = 2147483647;
			files = (
			);
			inputPaths = (
				"${PODS_PODFILE_DIR_PATH}/Podfile.lock",
				"${PODS_ROOT}/Manifest.lock",
			);
			name = "[CP] Check Pods Manifest.lock";
			outputPaths = (
				"$(DERIVED_FILE_DIR)/Pods-BDSNhom6-checkManifestLockResult.txt",
			);
			runOnlyForDeploymentPostprocessing = 0;
			shellPath = /bin/sh;
			shellScript = "diff \"${PODS_PODFILE_DIR_PATH}/Podfile.lock\" \"${PODS_ROOT}/Manifest.lock\" > /dev/null\nif [ $? != 0 ] ; then\n    # print error to STDERR\n    echo \"error: The sandbox is not in sync with the Podfile.lock. Run 'pod install' or update your CocoaPods installation.\" >&2\n    exit 1\nfi\n# This output is used by Xcode 'outputs' to avoid re-running this script phase.\necho \"SUCCESS\" > \"${SCRIPT_OUTPUT_FILE_0}\"\n";
			showEnvVarsInLog = 0;
		};
/* End PBXShellScriptBuildPhase section */

/* Begin PBXSourcesBuildPhase section */
		551C4C821FC5D291006C378D /* Sources */ = {
			isa = PBXSourcesBuildPhase;
			buildActionMask = 2147483647;
			files = (
				554682D91FE02902003AEA19 /* Image.swift in Sources */,
				551FE95E1FE2FA2A007CDC11 /* NewPostMapViewController.swift in Sources */,
				5579B4921FD1DD260043A2FD /* Category.swift in Sources */,
				55E31B291FE6C05000A54EC5 /* PostMapViewController.swift in Sources */,
				551C4C8A1FC5D291006C378D /* AppDelegate.swift in Sources */,
				55ACE6781FE7ED19001DB23E /* SMIconLabel.swift in Sources */,
				5531E0D41FD3302F00D76EF4 /* Post.swift in Sources */,
				554682DB1FE02C64003AEA19 /* PagingResult.swift in Sources */,
				554682D71FE01A29003AEA19 /* Common.swift in Sources */,
				55A5DACD1FD9A18700192CE2 /* HomeViewController.swift in Sources */,
				8464D7B71FE53249000C563A /* CommentTableViewCell.swift in Sources */,
				55E31B271FE6A4D200A54EC5 /* PostInformationViewController.swift in Sources */,
				8464D7B51FE52B02000C563A /* CommentViewController.swift in Sources */,
				5561977A1FD412ED0020B04D /* Comment.swift in Sources */,
				5531E0D01FD3300300D76EF4 /* PostTableViewCell.swift in Sources */,
				55A5DACB1FD96C9C00192CE2 /* NewPostViewController.swift in Sources */,
			);
			runOnlyForDeploymentPostprocessing = 0;
		};
		551C4C961FC5D291006C378D /* Sources */ = {
			isa = PBXSourcesBuildPhase;
			buildActionMask = 2147483647;
			files = (
				551C4C9F1FC5D291006C378D /* BDSNhom6Tests.swift in Sources */,
			);
			runOnlyForDeploymentPostprocessing = 0;
		};
/* End PBXSourcesBuildPhase section */

/* Begin PBXTargetDependency section */
		551C4C9C1FC5D291006C378D /* PBXTargetDependency */ = {
			isa = PBXTargetDependency;
			target = 551C4C851FC5D291006C378D /* BDSNhom6 */;
			targetProxy = 551C4C9B1FC5D291006C378D /* PBXContainerItemProxy */;
		};
/* End PBXTargetDependency section */

/* Begin PBXVariantGroup section */
		551C4C8D1FC5D291006C378D /* Main.storyboard */ = {
			isa = PBXVariantGroup;
			children = (
				551C4C8E1FC5D291006C378D /* Base */,
			);
			name = Main.storyboard;
			sourceTree = "<group>";
		};
		551C4C921FC5D291006C378D /* LaunchScreen.storyboard */ = {
			isa = PBXVariantGroup;
			children = (
				551C4C931FC5D291006C378D /* Base */,
			);
			name = LaunchScreen.storyboard;
			sourceTree = "<group>";
		};
/* End PBXVariantGroup section */

/* Begin XCBuildConfiguration section */
		551C4CA11FC5D291006C378D /* Debug */ = {
			isa = XCBuildConfiguration;
			buildSettings = {
				ALWAYS_SEARCH_USER_PATHS = NO;
				CLANG_ANALYZER_NONNULL = YES;
				CLANG_ANALYZER_NUMBER_OBJECT_CONVERSION = YES_AGGRESSIVE;
				CLANG_CXX_LANGUAGE_STANDARD = "gnu++0x";
				CLANG_CXX_LIBRARY = "libc++";
				CLANG_ENABLE_MODULES = YES;
				CLANG_ENABLE_OBJC_ARC = YES;
				CLANG_WARN_BOOL_CONVERSION = YES;
				CLANG_WARN_CONSTANT_CONVERSION = YES;
				CLANG_WARN_DIRECT_OBJC_ISA_USAGE = YES_ERROR;
				CLANG_WARN_DOCUMENTATION_COMMENTS = YES;
				CLANG_WARN_EMPTY_BODY = YES;
				CLANG_WARN_ENUM_CONVERSION = YES;
				CLANG_WARN_INFINITE_RECURSION = YES;
				CLANG_WARN_INT_CONVERSION = YES;
				CLANG_WARN_OBJC_ROOT_CLASS = YES_ERROR;
				CLANG_WARN_SUSPICIOUS_MOVE = YES;
				CLANG_WARN_UNREACHABLE_CODE = YES;
				CLANG_WARN__DUPLICATE_METHOD_MATCH = YES;
				"CODE_SIGN_IDENTITY[sdk=iphoneos*]" = "iPhone Developer";
				COPY_PHASE_STRIP = NO;
				DEBUG_INFORMATION_FORMAT = dwarf;
				ENABLE_STRICT_OBJC_MSGSEND = YES;
				ENABLE_TESTABILITY = YES;
				GCC_C_LANGUAGE_STANDARD = gnu99;
				GCC_DYNAMIC_NO_PIC = NO;
				GCC_NO_COMMON_BLOCKS = YES;
				GCC_OPTIMIZATION_LEVEL = 0;
				GCC_PREPROCESSOR_DEFINITIONS = (
					"DEBUG=1",
					"$(inherited)",
				);
				GCC_WARN_64_TO_32_BIT_CONVERSION = YES;
				GCC_WARN_ABOUT_RETURN_TYPE = YES_ERROR;
				GCC_WARN_UNDECLARED_SELECTOR = YES;
				GCC_WARN_UNINITIALIZED_AUTOS = YES_AGGRESSIVE;
				GCC_WARN_UNUSED_FUNCTION = YES;
				GCC_WARN_UNUSED_VARIABLE = YES;
				IPHONEOS_DEPLOYMENT_TARGET = 10.3;
				MTL_ENABLE_DEBUG_INFO = YES;
				ONLY_ACTIVE_ARCH = YES;
				SDKROOT = iphoneos;
				SWIFT_ACTIVE_COMPILATION_CONDITIONS = DEBUG;
				SWIFT_OPTIMIZATION_LEVEL = "-Onone";
				TARGETED_DEVICE_FAMILY = "1,2";
			};
			name = Debug;
		};
		551C4CA21FC5D291006C378D /* Release */ = {
			isa = XCBuildConfiguration;
			buildSettings = {
				ALWAYS_SEARCH_USER_PATHS = NO;
				CLANG_ANALYZER_NONNULL = YES;
				CLANG_ANALYZER_NUMBER_OBJECT_CONVERSION = YES_AGGRESSIVE;
				CLANG_CXX_LANGUAGE_STANDARD = "gnu++0x";
				CLANG_CXX_LIBRARY = "libc++";
				CLANG_ENABLE_MODULES = YES;
				CLANG_ENABLE_OBJC_ARC = YES;
				CLANG_WARN_BOOL_CONVERSION = YES;
				CLANG_WARN_CONSTANT_CONVERSION = YES;
				CLANG_WARN_DIRECT_OBJC_ISA_USAGE = YES_ERROR;
				CLANG_WARN_DOCUMENTATION_COMMENTS = YES;
				CLANG_WARN_EMPTY_BODY = YES;
				CLANG_WARN_ENUM_CONVERSION = YES;
				CLANG_WARN_INFINITE_RECURSION = YES;
				CLANG_WARN_INT_CONVERSION = YES;
				CLANG_WARN_OBJC_ROOT_CLASS = YES_ERROR;
				CLANG_WARN_SUSPICIOUS_MOVE = YES;
				CLANG_WARN_UNREACHABLE_CODE = YES;
				CLANG_WARN__DUPLICATE_METHOD_MATCH = YES;
				"CODE_SIGN_IDENTITY[sdk=iphoneos*]" = "iPhone Developer";
				COPY_PHASE_STRIP = NO;
				DEBUG_INFORMATION_FORMAT = "dwarf-with-dsym";
				ENABLE_NS_ASSERTIONS = NO;
				ENABLE_STRICT_OBJC_MSGSEND = YES;
				GCC_C_LANGUAGE_STANDARD = gnu99;
				GCC_NO_COMMON_BLOCKS = YES;
				GCC_WARN_64_TO_32_BIT_CONVERSION = YES;
				GCC_WARN_ABOUT_RETURN_TYPE = YES_ERROR;
				GCC_WARN_UNDECLARED_SELECTOR = YES;
				GCC_WARN_UNINITIALIZED_AUTOS = YES_AGGRESSIVE;
				GCC_WARN_UNUSED_FUNCTION = YES;
				GCC_WARN_UNUSED_VARIABLE = YES;
				IPHONEOS_DEPLOYMENT_TARGET = 10.3;
				MTL_ENABLE_DEBUG_INFO = NO;
				SDKROOT = iphoneos;
				SWIFT_OPTIMIZATION_LEVEL = "-Owholemodule";
				TARGETED_DEVICE_FAMILY = "1,2";
				VALIDATE_PRODUCT = YES;
			};
			name = Release;
		};
		551C4CA41FC5D291006C378D /* Debug */ = {
			isa = XCBuildConfiguration;
			baseConfigurationReference = 496012C758A48BE67F8BEEB7 /* Pods-BDSNhom6.debug.xcconfig */;
			buildSettings = {
				ASSETCATALOG_COMPILER_APPICON_NAME = AppIcon;
				CLANG_ENABLE_MODULES = YES;
				"CODE_SIGN_IDENTITY[sdk=iphoneos*]" = "iPhone Developer";
				CODE_SIGN_STYLE = Automatic;
				DEVELOPMENT_TEAM = THXFN954FJ;
				INFOPLIST_FILE = BDSNhom6/Info.plist;
				IPHONEOS_DEPLOYMENT_TARGET = 9.1;
				LD_RUNPATH_SEARCH_PATHS = "$(inherited) @executable_path/Frameworks";
				PRODUCT_BUNDLE_IDENTIFIER = com.sethphat.BDSNhom6;
				PRODUCT_NAME = "$(TARGET_NAME)";
				PROVISIONING_PROFILE_SPECIFIER = "";
				SWIFT_OBJC_BRIDGING_HEADER = "BDSNhom6/BDS-Bridging-Header.h";
				SWIFT_OPTIMIZATION_LEVEL = "-Onone";
				SWIFT_VERSION = 3.0;
			};
			name = Debug;
		};
		551C4CA51FC5D291006C378D /* Release */ = {
			isa = XCBuildConfiguration;
			baseConfigurationReference = 2CF1776C9BFB10EBF907FE5A /* Pods-BDSNhom6.release.xcconfig */;
			buildSettings = {
				ASSETCATALOG_COMPILER_APPICON_NAME = AppIcon;
				CLANG_ENABLE_MODULES = YES;
				"CODE_SIGN_IDENTITY[sdk=iphoneos*]" = "iPhone Developer";
				CODE_SIGN_STYLE = Automatic;
				DEVELOPMENT_TEAM = THXFN954FJ;
				INFOPLIST_FILE = BDSNhom6/Info.plist;
				IPHONEOS_DEPLOYMENT_TARGET = 9.1;
				LD_RUNPATH_SEARCH_PATHS = "$(inherited) @executable_path/Frameworks";
				PRODUCT_BUNDLE_IDENTIFIER = com.sethphat.BDSNhom6;
				PRODUCT_NAME = "$(TARGET_NAME)";
				PROVISIONING_PROFILE_SPECIFIER = "";
				SWIFT_OBJC_BRIDGING_HEADER = "BDSNhom6/BDS-Bridging-Header.h";
				SWIFT_VERSION = 3.0;
			};
			name = Release;
		};
		551C4CA71FC5D291006C378D /* Debug */ = {
			isa = XCBuildConfiguration;
			buildSettings = {
				ALWAYS_EMBED_SWIFT_STANDARD_LIBRARIES = YES;
				BUNDLE_LOADER = "$(TEST_HOST)";
				INFOPLIST_FILE = BDSNhom6Tests/Info.plist;
				LD_RUNPATH_SEARCH_PATHS = "$(inherited) @executable_path/Frameworks @loader_path/Frameworks";
				PRODUCT_BUNDLE_IDENTIFIER = com.sethphat.BDSNhom6Tests;
				PRODUCT_NAME = "$(TARGET_NAME)";
				SWIFT_VERSION = 3.0;
				TEST_HOST = "$(BUILT_PRODUCTS_DIR)/BDSNhom6.app/BDSNhom6";
			};
			name = Debug;
		};
		551C4CA81FC5D291006C378D /* Release */ = {
			isa = XCBuildConfiguration;
			buildSettings = {
				ALWAYS_EMBED_SWIFT_STANDARD_LIBRARIES = YES;
				BUNDLE_LOADER = "$(TEST_HOST)";
				INFOPLIST_FILE = BDSNhom6Tests/Info.plist;
				LD_RUNPATH_SEARCH_PATHS = "$(inherited) @executable_path/Frameworks @loader_path/Frameworks";
				PRODUCT_BUNDLE_IDENTIFIER = com.sethphat.BDSNhom6Tests;
				PRODUCT_NAME = "$(TARGET_NAME)";
				SWIFT_VERSION = 3.0;
				TEST_HOST = "$(BUILT_PRODUCTS_DIR)/BDSNhom6.app/BDSNhom6";
			};
			name = Release;
		};
/* End XCBuildConfiguration section */

/* Begin XCConfigurationList section */
		551C4C811FC5D291006C378D /* Build configuration list for PBXProject "BDSNhom6" */ = {
			isa = XCConfigurationList;
			buildConfigurations = (
				551C4CA11FC5D291006C378D /* Debug */,
				551C4CA21FC5D291006C378D /* Release */,
			);
			defaultConfigurationIsVisible = 0;
			defaultConfigurationName = Release;
		};
		551C4CA31FC5D291006C378D /* Build configuration list for PBXNativeTarget "BDSNhom6" */ = {
			isa = XCConfigurationList;
			buildConfigurations = (
				551C4CA41FC5D291006C378D /* Debug */,
				551C4CA51FC5D291006C378D /* Release */,
			);
			defaultConfigurationIsVisible = 0;
			defaultConfigurationName = Release;
		};
		551C4CA61FC5D291006C378D /* Build configuration list for PBXNativeTarget "BDSNhom6Tests" */ = {
			isa = XCConfigurationList;
			buildConfigurations = (
				551C4CA71FC5D291006C378D /* Debug */,
				551C4CA81FC5D291006C378D /* Release */,
			);
			defaultConfigurationIsVisible = 0;
			defaultConfigurationName = Release;
		};
/* End XCConfigurationList section */
	};
	rootObject = 551C4C7E1FC5D291006C378D /* Project object */;
}
